
Microsoft Visual Studio Solution File, Format Version 12.00
# Visual Studio Version 17
VisualStudioVersion = 17.8.34330.188
MinimumVisualStudioVersion = 10.0.40219.1
Project("{9A19103F-16F7-4668-BE54-9A1E7A4F7556}") = "E-Commerce.API", "E-Commerce.API\E-Commerce.API.csproj", "{9F067624-8408-43C2-8442-21DAE5A57316}"
EndProject
Project("{9A19103F-16F7-4668-BE54-9A1E7A4F7556}") = "E-Commerce-Services", "E-Commerce-Services\E-Commerce-Services.csproj", "{03EDEEE3-8C4C-4187-8520-BDA461112F70}"
EndProject
Project("{9A19103F-16F7-4668-BE54-9A1E7A4F7556}") = "E-Commerce-Repository", "E-Commerce-Repository\E-Commerce-Repository.csproj", "{D9465ED1-FEA0-40F7-974D-D884D6AEC550}"
EndProject
Project("{9A19103F-16F7-4668-BE54-9A1E7A4F7556}") = "E-Commerce-Core", "E-Commerce-Core\E-Commerce-Core.csproj", "{2DE55192-B828-4241-8251-58EF19A34E15}"
EndProject
Project("{FAE04EC0-301F-11D3-BF4B-00C04F79EFBC}") = "AdminDashboard", "AdminDashboard\AdminDashboard.csproj", "{87D55702-EBE4-4F34-B682-F6BF5F81A742}"
EndProject
Global
	GlobalSection(SolutionConfigurationPlatforms) = preSolution
		Debug|Any CPU = Debug|Any CPU
		Release|Any CPU = Release|Any CPU
	EndGlobalSection
	GlobalSection(ProjectConfigurationPlatforms) = postSolution
		{9F067624-8408-43C2-8442-21DAE5A57316}.Debug|Any CPU.ActiveCfg = Debug|Any CPU
		{9F067624-8408-43C2-8442-21DAE5A57316}.Debug|Any CPU.Build.0 = Debug|Any CPU
		{9F067624-8408-43C2-8442-21DAE5A57316}.Release|Any CPU.ActiveCfg = Release|Any CPU
		{9F067624-8408-43C2-8442-21DAE5A57316}.Release|Any CPU.Build.0 = Release|Any CPU
		{03EDEEE3-8C4C-4187-8520-BDA461112F70}.Debug|Any CPU.ActiveCfg = Debug|Any CPU
		{03EDEEE3-8C4C-4187-8520-BDA461112F70}.Debug|Any CPU.Build.0 = Debug|Any CPU
		{03EDEEE3-8C4C-4187-8520-BDA461112F70}.Release|Any CPU.ActiveCfg = Release|Any CPU
		{03EDEEE3-8C4C-4187-8520-BDA461112F70}.Release|Any CPU.Build.0 = Release|Any CPU
		{D9465ED1-FEA0-40F7-974D-D884D6AEC550}.Debug|Any CPU.ActiveCfg = Debug|Any CPU
		{D9465ED1-FEA0-40F7-974D-D884D6AEC550}.Debug|Any CPU.Build.0 = Debug|Any CPU
		{D9465ED1-FEA0-40F7-974D-D884D6AEC550}.Release|Any CPU.ActiveCfg = Release|Any CPU
		{D9465ED1-FEA0-40F7-974D-D884D6AEC550}.Release|Any CPU.Build.0 = Release|Any CPU
		{2DE55192-B828-4241-8251-58EF19A34E15}.Debug|Any CPU.ActiveCfg = Debug|Any CPU
		{2DE55192-B828-4241-8251-58EF19A34E15}.Debug|Any CPU.Build.0 = Debug|Any CPU
		{2DE55192-B828-4241-8251-58EF19A34E15}.Release|Any CPU.ActiveCfg = Release|Any CPU
		{2DE55192-B828-4241-8251-58EF19A34E15}.Release|Any CPU.Build.0 = Release|Any CPU
		{87D55702-EBE4-4F34-B682-F6BF5F81A742}.Debug|Any CPU.ActiveCfg = Debug|Any CPU
		{87D55702-EBE4-4F34-B682-F6BF5F81A742}.Debug|Any CPU.Build.0 = Debug|Any CPU
		{87D55702-EBE4-4F34-B682-F6BF5F81A742}.Release|Any CPU.ActiveCfg = Release|Any CPU
		{87D55702-EBE4-4F34-B682-F6BF5F81A742}.Release|Any CPU.Build.0 = Release|Any CPU
	EndGlobalSection
	GlobalSection(SolutionProperties) = preSolution
		HideSolutionNode = FALSE
	EndGlobalSection
	GlobalSection(ExtensibilityGlobals) = postSolution
		SolutionGuid = {DD0137EA-A865-4781-A9E7-BDB11ED5319E}
	EndGlobalSection
EndGlobal
